Microsoft Visual Studio Solution File, Format Version 12.00
# Visual Studio 2015
Project("{8BC9CEB8-8B4A-11D0-8D11-00A0C91BC942}") = "STE-100", "D:/qtproject/ste-100-new/src/App/STE-100\STE-100.vcxproj", "{7CA7FEFF-3FD0-38A3-B873-38984CF6343C}"
EndProject
Global
	GlobalSection(SolutionConfigurationPlatforms) = preSolution
		Debug|x64 = Debug|x64
		Release|x64 = Release|x64
	EndGlobalSection
	GlobalSection(ProjectConfigurationPlatforms) = postSolution
		{7CA7FEFF-3FD0-38A3-B873-38984CF6343C}.Debug|x64.ActiveCfg = Debug|x64
		{7CA7FEFF-3FD0-38A3-B873-38984CF6343C}.Debug|x64.Build.0 = Debug|x64
		{7CA7FEFF-3FD0-38A3-B873-38984CF6343C}.Release|x64.ActiveCfg = Release|x64
		{7CA7FEFF-3FD0-38A3-B873-38984CF6343C}.Release|x64.Build.0 = Release|x64
	EndGlobalSection
	GlobalSection(ExtensibilityGlobals) = postSolution
	EndGlobalSection
	GlobalSection(ExtensibilityAddIns) = postSolution
	EndGlobalSection
EndGlobal