<?xml version="1.0" encoding="utf-8"?>
<Project xmlns="http://schemas.microsoft.com/developer/msbuild/2003">
  <ItemGroup>
    <Filter Include="Generated Files">
      <UniqueIdentifier>{71ED8ED8-ACB9-4CE9-BBE1-E00B30144E11}</UniqueIdentifier>
      <Extensions>cpp;c;cxx;moc;h;def;odl;idl;res;</Extensions>
    </Filter>
    <Filter Include="Generated Files">
      <UniqueIdentifier>{71ED8ED8-ACB9-4CE9-BBE1-E00B30144E11}</UniqueIdentifier>
      <Extensions>cpp;c;cxx;moc;h;def;odl;idl;res;</Extensions>
    </Filter>
    <Filter Include="Header Files">
      <UniqueIdentifier>{93995380-89BD-4b04-88EB-625FBE52EBFB}</UniqueIdentifier>
      <Extensions>h;hpp;hxx;hm;inl;inc;xsd</Extensions>
    </Filter>
    <Filter Include="Header Files">
      <UniqueIdentifier>{93995380-89BD-4b04-88EB-625FBE52EBFB}</UniqueIdentifier>
      <Extensions>h;hpp;hxx;hm;inl;inc;xsd</Extensions>
    </Filter>
    <Filter Include="Source Files">
      <UniqueIdentifier>{4FC737F1-C7A5-4376-A066-2A32D752A2FF}</UniqueIdentifier>
      <Extensions>cpp;c;cxx;def;odl;idl;hpj;bat;asm;asmx</Extensions>
    </Filter>
    <Filter Include="Source Files">
      <UniqueIdentifier>{4FC737F1-C7A5-4376-A066-2A32D752A2FF}</UniqueIdentifier>
      <Extensions>cpp;c;cxx;def;odl;idl;hpj;bat;asm;asmx</Extensions>
    </Filter>
    <Filter Include="Distribution Files">
      <UniqueIdentifier>{B83CAF91-C7BF-462F-B76C-EA11631F866C}</UniqueIdentifier>
      <Extensions>*</Extensions>
      <ParseFiles>false</ParseFiles>
    </Filter>
    <Filter Include="Distribution Files">
      <UniqueIdentifier>{B83CAF91-C7BF-462F-B76C-EA11631F866C}</UniqueIdentifier>
      <Extensions>*</Extensions>
      <ParseFiles>false</ParseFiles>
    </Filter>
  </ItemGroup>
  <ItemGroup>
    <ClCompile Include="HttpClient\CAbstractResult.cpp">
      <Filter>Source Files</Filter>
    </ClCompile>
    <ClCompile Include="CArcFaceEngine.cpp">
      <Filter>Source Files</Filter>
    </ClCompile>
    <ClCompile Include="CCamerRegister.cpp">
      <Filter>Source Files</Filter>
    </ClCompile>
    <ClCompile Include="CDevCamera.cpp">
      <Filter>Source Files</Filter>
    </ClCompile>
    <ClCompile Include="CFilePath.cpp">
      <Filter>Source Files</Filter>
    </ClCompile>
    <ClCompile Include="HttpClient\CGetSyncVideoUrlsRet.cpp">
      <Filter>Source Files</Filter>
    </ClCompile>
    <ClCompile Include="Logger\CGlog.cpp">
      <Filter>Source Files</Filter>
    </ClCompile>
    <ClCompile Include="HttpClient\CHttpAbstractNetWork.cpp">
      <Filter>Source Files</Filter>
    </ClCompile>
    <ClCompile Include="CHttpConnection.cpp">
      <Filter>Source Files</Filter>
    </ClCompile>
    <ClCompile Include="HttpClient\CHttpDownLoadFile.cpp">
      <Filter>Source Files</Filter>
    </ClCompile>
    <ClCompile Include="CHttpDownloadFromUrl.cpp">
      <Filter>Source Files</Filter>
    </ClCompile>
    <ClCompile Include="CHttpDownloadThread.cpp">
      <Filter>Source Files</Filter>
    </ClCompile>
    <ClCompile Include="HttpClient\CHttpGetVideoUrls.cpp">
      <Filter>Source Files</Filter>
    </ClCompile>
    <ClCompile Include="HttpClient\CHttpHeartBeat.cpp">
      <Filter>Source Files</Filter>
    </ClCompile>
    <ClCompile Include="HttpClient\CHttpQueryBodyElement.cpp">
      <Filter>Source Files</Filter>
    </ClCompile>
    <ClCompile Include="HttpClient\CHttpQueryHistoryScore.cpp">
      <Filter>Source Files</Filter>
    </ClCompile>
    <ClCompile Include="HttpClient\CHttpSyncClassInfo.cpp">
      <Filter>Source Files</Filter>
    </ClCompile>
    <ClCompile Include="HttpClient\CHttpSyncScoreStd.cpp">
      <Filter>Source Files</Filter>
    </ClCompile>
    <ClCompile Include="HttpClient\CHttpSyncUserInfo.cpp">
      <Filter>Source Files</Filter>
    </ClCompile>
    <ClCompile Include="HttpClient\CHttpTouristRecord.cpp">
      <Filter>Source Files</Filter>
    </ClCompile>
    <ClCompile Include="HttpClient\CHttpUpLoadBodyScore.cpp">
      <Filter>Source Files</Filter>
    </ClCompile>
    <ClCompile Include="HttpClient\CHttpUpLoadCommonScore.cpp">
      <Filter>Source Files</Filter>
    </ClCompile>
    <ClCompile Include="HttpClient\CHttpUserIdentify.cpp">
      <Filter>Source Files</Filter>
    </ClCompile>
    <ClCompile Include="CImage.cpp">
      <Filter>Source Files</Filter>
    </ClCompile>
    <ClCompile Include="Logger\CLogger.cpp">
      <Filter>Source Files</Filter>
    </ClCompile>
    <ClCompile Include="HttpClient\CQueryCommonHistoryRet.cpp">
      <Filter>Source Files</Filter>
    </ClCompile>
    <ClCompile Include="HttpClient\CSyncClassInfoRet.cpp">
      <Filter>Source Files</Filter>
    </ClCompile>
    <ClCompile Include="HttpClient\CSyncScoreStdRet.cpp">
      <Filter>Source Files</Filter>
    </ClCompile>
    <ClCompile Include="HttpClient\CSyncUserInfoRet.cpp">
      <Filter>Source Files</Filter>
    </ClCompile>
    <ClCompile Include="CTextToSpeech.cpp">
      <Filter>Source Files</Filter>
    </ClCompile>
    <ClCompile Include="CThreadResourceCtrlBase.cpp">
      <Filter>Source Files</Filter>
    </ClCompile>
    <ClCompile Include="HttpClient\CUserIdentifyRet.cpp">
      <Filter>Source Files</Filter>
    </ClCompile>
    <ClCompile Include="Common.cpp">
      <Filter>Source Files</Filter>
    </ClCompile>
    <ClCompile Include="DshowCameraInfo.cpp">
      <Filter>Source Files</Filter>
    </ClCompile>
    <ClCompile Include="Config\CAbstractConfigInfo.cpp">
      <Filter>Source Files</Filter>
    </ClCompile>
    <ClCompile Include="Config\CArcSoftConfig.cpp">
      <Filter>Source Files</Filter>
    </ClCompile>
    <ClCompile Include="Config\CCameraConfig.cpp">
      <Filter>Source Files</Filter>
    </ClCompile>
    <ClCompile Include="Config\CClassInfo.cpp">
      <Filter>Source Files</Filter>
    </ClCompile>
    <ClCompile Include="Config\CConfig_Version.cpp">
      <Filter>Source Files</Filter>
    </ClCompile>
    <ClCompile Include="Config\CDatabase_Checker.cpp">
      <Filter>Source Files</Filter>
    </ClCompile>
    <ClCompile Include="Config\CDatabaseManage.cpp">
      <Filter>Source Files</Filter>
    </ClCompile>
    <ClCompile Include="Config\CScoreRule.cpp">
      <Filter>Source Files</Filter>
    </ClCompile>
    <ClCompile Include="Config\CServerFunConfig.cpp">
      <Filter>Source Files</Filter>
    </ClCompile>
    <ClCompile Include="Config\CTableClassInfo.cpp">
      <Filter>Source Files</Filter>
    </ClCompile>
    <ClCompile Include="Config\CTableDataSyncTime.cpp">
      <Filter>Source Files</Filter>
    </ClCompile>
    <ClCompile Include="Config\CTableScoreRules.cpp">
      <Filter>Source Files</Filter>
    </ClCompile>
    <ClCompile Include="Config\CTableTestItemInfo.cpp">
      <Filter>Source Files</Filter>
    </ClCompile>
    <ClCompile Include="Config\CTableTestItemResult.cpp">
      <Filter>Source Files</Filter>
    </ClCompile>
    <ClCompile Include="Config\CTableUserIdentityInfo.cpp">
      <Filter>Source Files</Filter>
    </ClCompile>
    <ClCompile Include="Config\CTestProcessVideoPathConfig.cpp">
      <Filter>Source Files</Filter>
    </ClCompile>
    <ClCompile Include="Config\CTestResultInfo.cpp">
      <Filter>Source Files</Filter>
    </ClCompile>
    <ClCompile Include="Config\CTestRunConfig.cpp">
      <Filter>Source Files</Filter>
    </ClCompile>
    <ClCompile Include="Config\CUserInfo.cpp">
      <Filter>Source Files</Filter>
    </ClCompile>
    <ClCompile Include="Config\ste100database.cpp">
      <Filter>Source Files</Filter>
    </ClCompile>
    <ClCompile Include="HttpClient\CHttpRequestMgr.cpp">
      <Filter>Generated Files</Filter>
    </ClCompile>
    <ClCompile Include="HttpClient\CHttpUpLoadEyeSightScore.cpp">
      <Filter>Generated Files</Filter>
    </ClCompile>
  </ItemGroup>
  <ItemGroup>
    <QtMoc Include="HttpClient\CAbstractResult.h">
      <Filter>Header Files</Filter>
    </QtMoc>
    <ClInclude Include="CArcFaceEngine.h">
      <Filter>Header Files</Filter>
    </ClInclude>
    <ClInclude Include="CCamerRegister.h">
      <Filter>Header Files</Filter>
    </ClInclude>
    <QtMoc Include="CDevCamera.h">
      <Filter>Header Files</Filter>
    </QtMoc>
    <ClInclude Include="CFilePath.h">
      <Filter>Header Files</Filter>
    </ClInclude>
    <ClInclude Include="HttpClient\CGetSyncVideoUrlsRet.h">
      <Filter>Header Files</Filter>
    </ClInclude>
    <ClInclude Include="Logger\CGlog.h">
      <Filter>Header Files</Filter>
    </ClInclude>
    <QtMoc Include="HttpClient\CHttpAbstractNetWork.h">
      <Filter>Header Files</Filter>
    </QtMoc>
    <ClInclude Include="HttpClient\CHttpConfigCommonDefine.h">
      <Filter>Header Files</Filter>
    </ClInclude>
    <QtMoc Include="CHttpConnection.h">
      <Filter>Header Files</Filter>
    </QtMoc>
    <QtMoc Include="HttpClient\CHttpDownLoadFile.h">
      <Filter>Header Files</Filter>
    </QtMoc>
    <QtMoc Include="CHttpDownloadFromUrl.h">
      <Filter>Header Files</Filter>
    </QtMoc>
    <QtMoc Include="CHttpDownloadThread.h">
      <Filter>Header Files</Filter>
    </QtMoc>
    <ClInclude Include="HttpClient\CHttpGetVideoUrls.h">
      <Filter>Header Files</Filter>
    </ClInclude>
    <ClInclude Include="HttpClient\CHttpHeartBeat.h">
      <Filter>Header Files</Filter>
    </ClInclude>
    <ClInclude Include="HttpClient\CHttpQueryBodyElement.h">
      <Filter>Header Files</Filter>
    </ClInclude>
    <ClInclude Include="HttpClient\CHttpQueryHistoryScore.h">
      <Filter>Header Files</Filter>
    </ClInclude>
    <ClInclude Include="HttpClient\CHttpSyncClassInfo.h">
      <Filter>Header Files</Filter>
    </ClInclude>
    <ClInclude Include="HttpClient\CHttpSyncScoreStd.h">
      <Filter>Header Files</Filter>
    </ClInclude>
    <QtMoc Include="HttpClient\CHttpSyncUserInfo.h">
      <Filter>Header Files</Filter>
    </QtMoc>
    <QtMoc Include="HttpClient\CHttpTouristRecord.h">
      <Filter>Header Files</Filter>
    </QtMoc>
    <ClInclude Include="HttpClient\CHttpUpLoadBodyScore.h">
      <Filter>Header Files</Filter>
    </ClInclude>
    <ClInclude Include="HttpClient\CHttpUpLoadCommonScore.h">
      <Filter>Header Files</Filter>
    </ClInclude>
    <ClInclude Include="HttpClient\CHttpUserIdentify.h">
      <Filter>Header Files</Filter>
    </ClInclude>
    <ClInclude Include="CImage.h">
      <Filter>Header Files</Filter>
    </ClInclude>
    <ClInclude Include="Logger\CLogger.h">
      <Filter>Header Files</Filter>
    </ClInclude>
    <ClInclude Include="HttpClient\CQueryCommonHistoryRet.h">
      <Filter>Header Files</Filter>
    </ClInclude>
    <ClInclude Include="HttpClient\CSyncClassInfoRet.h">
      <Filter>Header Files</Filter>
    </ClInclude>
    <ClInclude Include="HttpClient\CSyncScoreStdRet.h">
      <Filter>Header Files</Filter>
    </ClInclude>
    <ClInclude Include="HttpClient\CSyncUserInfoRet.h">
      <Filter>Header Files</Filter>
    </ClInclude>
    <QtMoc Include="CTextToSpeech.h">
      <Filter>Header Files</Filter>
    </QtMoc>
    <ClInclude Include="CThreadResourceCtrlBase.h">
      <Filter>Header Files</Filter>
    </ClInclude>
    <ClInclude Include="HttpClient\CUserIdentifyRet.h">
      <Filter>Header Files</Filter>
    </ClInclude>
    <ClInclude Include="Common.h">
      <Filter>Header Files</Filter>
    </ClInclude>
    <ClInclude Include="DshowCameraInfo.h">
      <Filter>Header Files</Filter>
    </ClInclude>
    <ClInclude Include="IImageProBasic.h">
      <Filter>Header Files</Filter>
    </ClInclude>
    <ClInclude Include="Logger\ILog.h">
      <Filter>Header Files</Filter>
    </ClInclude>
    <ClInclude Include="common_global.h">
      <Filter>Header Files</Filter>
    </ClInclude>
    <ClInclude Include="commondefin.h">
      <Filter>Header Files</Filter>
    </ClInclude>
    <QtMoc Include="HttpClient\CHttpRequestMgr.h">
      <Filter>Generated Files</Filter>
    </QtMoc>
  </ItemGroup>
  <ItemGroup>
    <CustomBuild Include="debug\moc_predefs.h.cbt">
      <Filter>Generated Files</Filter>
    </CustomBuild>
    <CustomBuild Include="release\moc_predefs.h.cbt">
      <Filter>Generated Files</Filter>
    </CustomBuild>
  </ItemGroup>
  <ItemGroup>
    <None Include="HttpClient\HttpClient.pri">
      <Filter>Distribution Files</Filter>
    </None>
    <None Include=".\HttpClient\readme.txt" />
  </ItemGroup>
  <ItemGroup>
    <ClInclude Include="Config\CAbstractConfigInfo.h">
      <Filter>Header Files</Filter>
    </ClInclude>
    <ClInclude Include="Config\CArcSoftConfig.h">
      <Filter>Header Files</Filter>
    </ClInclude>
    <ClInclude Include="Config\CCameraConfig.h">
      <Filter>Header Files</Filter>
    </ClInclude>
    <ClInclude Include="Config\CClassInfo.h">
      <Filter>Header Files</Filter>
    </ClInclude>
    <ClInclude Include="Config\CConfig_Version.h">
      <Filter>Header Files</Filter>
    </ClInclude>
    <ClInclude Include="Config\CDatabase_Checker.h">
      <Filter>Header Files</Filter>
    </ClInclude>
    <ClInclude Include="Config\CDatabaseManage.h">
      <Filter>Header Files</Filter>
    </ClInclude>
    <ClInclude Include="Config\CScoreRule.h">
      <Filter>Header Files</Filter>
    </ClInclude>
    <ClInclude Include="Config\CServerFunConfig.h">
      <Filter>Header Files</Filter>
    </ClInclude>
    <ClInclude Include="Config\CTableClassInfo.h">
      <Filter>Header Files</Filter>
    </ClInclude>
    <ClInclude Include="Config\CTableDataSyncTime.h">
      <Filter>Header Files</Filter>
    </ClInclude>
    <ClInclude Include="Config\CTableScoreRules.h">
      <Filter>Header Files</Filter>
    </ClInclude>
    <ClInclude Include="Config\CTableTestItemInfo.h">
      <Filter>Header Files</Filter>
    </ClInclude>
    <ClInclude Include="Config\CTableTestItemResult.h">
      <Filter>Header Files</Filter>
    </ClInclude>
    <ClInclude Include="Config\CTableUserIdentityInfo.h">
      <Filter>Header Files</Filter>
    </ClInclude>
    <ClInclude Include="Config\CTestProcessVideoPathConfig.h">
      <Filter>Header Files</Filter>
    </ClInclude>
    <ClInclude Include="Config\CTestResultInfo.h">
      <Filter>Header Files</Filter>
    </ClInclude>
    <ClInclude Include="Config\CTestRunConfig.h">
      <Filter>Header Files</Filter>
    </ClInclude>
    <ClInclude Include="Config\CUserInfo.h">
      <Filter>Header Files</Filter>
    </ClInclude>
    <ClInclude Include="Config\ste100database.hpp">
      <Filter>Header Files</Filter>
    </ClInclude>
    <ClInclude Include="HttpClient\CHttpUpLoadEyeSightScore.h">
      <Filter>Generated Files</Filter>
    </ClInclude>
  </ItemGroup>
</Project>